
Microsoft Visual Studio Solution File, Format Version 12.00
# Visual Studio Version 17
VisualStudioVersion = 17.1.32210.238
MinimumVisualStudioVersion = 10.0.40219.1
Project("{9A19103F-16F7-4668-BE54-9A1E7A4F7556}") = "SSRSToBase64.API", "SSRSToBase64.API\SSRSToBase64.API.csproj", "{597887C2-ED39-4D40-BFE0-F0800434EF2A}"
EndProject
Global
	GlobalSection(SolutionConfigurationPlatforms) = preSolution
		Debug|Any CPU = Debug|Any CPU
		Release|Any CPU = Release|Any CPU
	EndGlobalSection
	GlobalSection(ProjectConfigurationPlatforms) = postSolution
		{597887C2-ED39-4D40-BFE0-F0800434EF2A}.Debug|Any CPU.ActiveCfg = Debug|Any CPU
		{597887C2-ED39-4D40-BFE0-F0800434EF2A}.Debug|Any CPU.Build.0 = Debug|Any CPU
		{597887C2-ED39-4D40-BFE0-F0800434EF2A}.Release|Any CPU.ActiveCfg = Release|Any CPU
		{597887C2-ED39-4D40-BFE0-F0800434EF2A}.Release|Any CPU.Build.0 = Release|Any CPU
	EndGlobalSection
	GlobalSection(SolutionProperties) = preSolution
		HideSolutionNode = FALSE
	EndGlobalSection
	GlobalSection(ExtensibilityGlobals) = postSolution
		SolutionGuid = {699009B1-F284-455A-9260-212C6214910E}
	EndGlobalSection
EndGlobal
